
Microsoft Visual Studio Solution File, Format Version 12.00
# Visual Studio Version 17
VisualStudioVersion = 17.8.34330.188
MinimumVisualStudioVersion = 10.0.40219.1
Project("{FAE04EC0-301F-11D3-BF4B-00C04F79EFBC}") = "SifatEdu.Api", "SifatEdu.Api\SifatEdu.Api.csproj", "{C0DBE5BE-6493-4878-944E-A2A2D7FAF8FB}"
EndProject
Project("{FAE04EC0-301F-11D3-BF4B-00C04F79EFBC}") = "SifatEdu.Data", "SifatEdu.Data\SifatEdu.Data.csproj", "{B4EA4633-EA49-45DA-90EA-58D6E96FDD77}"
EndProject
Project("{FAE04EC0-301F-11D3-BF4B-00C04F79EFBC}") = "SifatEdu.Domain", "SifatEdu.Domain\SifatEdu.Domain.csproj", "{F0288F84-1503-4426-9EF2-DD65DBB4BE01}"
EndProject
Global
	GlobalSection(SolutionConfigurationPlatforms) = preSolution
		Debug|Any CPU = Debug|Any CPU
		Release|Any CPU = Release|Any CPU
	EndGlobalSection
	GlobalSection(ProjectConfigurationPlatforms) = postSolution
		{C0DBE5BE-6493-4878-944E-A2A2D7FAF8FB}.Debug|Any CPU.ActiveCfg = Debug|Any CPU
		{C0DBE5BE-6493-4878-944E-A2A2D7FAF8FB}.Debug|Any CPU.Build.0 = Debug|Any CPU
		{C0DBE5BE-6493-4878-944E-A2A2D7FAF8FB}.Release|Any CPU.ActiveCfg = Release|Any CPU
		{C0DBE5BE-6493-4878-944E-A2A2D7FAF8FB}.Release|Any CPU.Build.0 = Release|Any CPU
		{B4EA4633-EA49-45DA-90EA-58D6E96FDD77}.Debug|Any CPU.ActiveCfg = Debug|Any CPU
		{B4EA4633-EA49-45DA-90EA-58D6E96FDD77}.Debug|Any CPU.Build.0 = Debug|Any CPU
		{B4EA4633-EA49-45DA-90EA-58D6E96FDD77}.Release|Any CPU.ActiveCfg = Release|Any CPU
		{B4EA4633-EA49-45DA-90EA-58D6E96FDD77}.Release|Any CPU.Build.0 = Release|Any CPU
		{F0288F84-1503-4426-9EF2-DD65DBB4BE01}.Debug|Any CPU.ActiveCfg = Debug|Any CPU
		{F0288F84-1503-4426-9EF2-DD65DBB4BE01}.Debug|Any CPU.Build.0 = Debug|Any CPU
		{F0288F84-1503-4426-9EF2-DD65DBB4BE01}.Release|Any CPU.ActiveCfg = Release|Any CPU
		{F0288F84-1503-4426-9EF2-DD65DBB4BE01}.Release|Any CPU.Build.0 = Release|Any CPU
	EndGlobalSection
	GlobalSection(SolutionProperties) = preSolution
		HideSolutionNode = FALSE
	EndGlobalSection
	GlobalSection(ExtensibilityGlobals) = postSolution
		SolutionGuid = {415B8A89-BDF5-473D-8B6D-6B47DAD9481E}
	EndGlobalSection
EndGlobal
